
Microsoft Visual Studio Solution File, Format Version 12.00
# Visual Studio Version 16
VisualStudioVersion = 16.0.31729.503
MinimumVisualStudioVersion = 10.0.40219.1
Project("{FAE04EC0-301F-11D3-BF4B-00C04F79EFBC}") = "IdentityDEMO", "IdentityDEMO\IdentityDEMO.csproj", "{0ECB7664-43A6-4937-AE48-B82867254415}"
EndProject
Global
	GlobalSection(SolutionConfigurationPlatforms) = preSolution
		Debug|Any CPU = Debug|Any CPU
		Release|Any CPU = Release|Any CPU
	EndGlobalSection
	GlobalSection(ProjectConfigurationPlatforms) = postSolution
		{0ECB7664-43A6-4937-AE48-B82867254415}.Debug|Any CPU.ActiveCfg = Debug|Any CPU
		{0ECB7664-43A6-4937-AE48-B82867254415}.Debug|Any CPU.Build.0 = Debug|Any CPU
		{0ECB7664-43A6-4937-AE48-B82867254415}.Release|Any CPU.ActiveCfg = Release|Any CPU
		{0ECB7664-43A6-4937-AE48-B82867254415}.Release|Any CPU.Build.0 = Release|Any CPU
	EndGlobalSection
	GlobalSection(SolutionProperties) = preSolution
		HideSolutionNode = FALSE
	EndGlobalSection
	GlobalSection(ExtensibilityGlobals) = postSolution
		SolutionGuid = {87870380-7092-4F8C-86E2-9CFE17989953}
	EndGlobalSection
EndGlobal
